// !$*UTF8*$!
{
	archiveVersion = 1;
	classes = {
	};
	objectVersion = 77;
	objects = {

/* Begin PBXBuildFile section */
		070B2DC41A10BB9E4D89B20C /* SwiftTerm in Frameworks */ = {isa = PBXBuildFile; productRef = 9154421B75395B16A10932B4 /* SwiftTerm */; };
		09B888B7BB25CFD2B385FE2B /* GeminiLiveClient.swift in Sources */ = {isa = PBXBuildFile; fileRef = 206B94FCC6E96459BF048453 /* GeminiLiveClient.swift */; };
		09D24841DE3B7DD13010CF7D /* TerminalSession.swift in Sources */ = {isa = PBXBuildFile; fileRef = 911A4B0CC0F37AE1230A6DD3 /* TerminalSession.swift */; };
		0A605C35C0F26F51293E51F9 /* SkydomeView.swift in Sources */ = {isa = PBXBuildFile; fileRef = A894E664F81F3B50F2289977 /* SkydomeView.swift */; };
		11166ABB6E4E42A851CDF181 /* SwiftPMImportCheck.swift in Sources */ = {isa = PBXBuildFile; fileRef = 6C1CB298AC393794663C8525 /* SwiftPMImportCheck.swift */; };
		1124A5F0FD5190BE4E2EDF55 /* vmuxApp.swift in Sources */ = {isa = PBXBuildFile; fileRef = 7D8681C94185E3883E494962 /* vmuxApp.swift */; };
		1F2DA82A337EC55D8870E276 /* AudioFormatConverterTests.swift in Sources */ = {isa = PBXBuildFile; fileRef = 8E0FF40135C064CD9106FBA8 /* AudioFormatConverterTests.swift */; };
		2E98139ECD0814C8888B1EB7 /* Preview Assets.xcassets in Resources */ = {isa = PBXBuildFile; fileRef = 2184BC02AA6BF4A229B25755 /* Preview Assets.xcassets */; };
		3586388CFCCCC495E026DB05 /* GeminiLiveSessionTests.swift in Sources */ = {isa = PBXBuildFile; fileRef = DA09425B3E3A73652012F38E /* GeminiLiveSessionTests.swift */; };
		3A194F1A82E9397DC5FAF6CD /* AudioFormatConverter.swift in Sources */ = {isa = PBXBuildFile; fileRef = 6DA3C7D7ADCD9F3B7FA13C21 /* AudioFormatConverter.swift */; };
		41660C88513570298A02BC25 /* Assets.xcassets in Resources */ = {isa = PBXBuildFile; fileRef = EE0EC05648D477D1739A6A01 /* Assets.xcassets */; };
		460933E0378BCA36E7CBF48F /* SpeechCoordinatorTests.swift in Sources */ = {isa = PBXBuildFile; fileRef = 520A7F383D9471AD91EFB508 /* SpeechCoordinatorTests.swift */; };
		52C5C4FD38D298E7DB423DFA /* SSHConnectionManagerTests.swift in Sources */ = {isa = PBXBuildFile; fileRef = 8C3E13E8E8FB2809FCFE86B6 /* SSHConnectionManagerTests.swift */; };
		5A190596DED7EB8BF161D9A5 /* NewProjectSheet.swift in Sources */ = {isa = PBXBuildFile; fileRef = D8A6C6E47A1384A5B0D69CCD /* NewProjectSheet.swift */; };
		678E646DF71817371C74F095 /* FocusStoreTests.swift in Sources */ = {isa = PBXBuildFile; fileRef = C2113EC34E18BFC7149B96A9 /* FocusStoreTests.swift */; };
		6BA349DA568D7AC430DC6EAA /* KeychainServiceTests.swift in Sources */ = {isa = PBXBuildFile; fileRef = E6F99EEF4D931FECE01EFBB9 /* KeychainServiceTests.swift */; };
		6CB0E790566DB61F87FAD068 /* SpeechCoordinator.swift in Sources */ = {isa = PBXBuildFile; fileRef = 11921D3D46B7C8727AF6753A /* SpeechCoordinator.swift */; };
		8AF632D8C218B518D7AE4D2B /* Citadel in Frameworks */ = {isa = PBXBuildFile; productRef = 3919FF17FB2FDC39C6D2E5AF /* Citadel */; };
		8AFE12FF3AF039FBE07DF9CF /* SidebarView.swift in Sources */ = {isa = PBXBuildFile; fileRef = E4DC5F45FF54964C40C07C1F /* SidebarView.swift */; };
		9363377C08F3437508792EC8 /* vmuxTests.swift in Sources */ = {isa = PBXBuildFile; fileRef = AFBA952DFD394BD983ED4D57 /* vmuxTests.swift */; };
		971765D7C32E9E6D61B593D3 /* FocusStore.swift in Sources */ = {isa = PBXBuildFile; fileRef = 45364A3F232BA72501AFB4F2 /* FocusStore.swift */; };
		9F6C46BCA2D687495DBD5D89 /* SSHConnectionManager.swift in Sources */ = {isa = PBXBuildFile; fileRef = A7941718287B63E0FAFC3582 /* SSHConnectionManager.swift */; };
		A0688372FBB93E1E61045266 /* SettingsView.swift in Sources */ = {isa = PBXBuildFile; fileRef = C97AFFB50C561905208212B1 /* SettingsView.swift */; };
		AEF134B84D22F1D05A814B0B /* Tab.swift in Sources */ = {isa = PBXBuildFile; fileRef = 42CDE242E62FCD506036C5CA /* Tab.swift */; };
		B3B037259AE3D44A4A9ABF71 /* AppSettings.swift in Sources */ = {isa = PBXBuildFile; fileRef = 14CA38E94DD5617CA901751F /* AppSettings.swift */; };
		BB87BDC4CE63CC1762A0FE17 /* CitadelShellChannel.swift in Sources */ = {isa = PBXBuildFile; fileRef = 78737628860001B6A742952B /* CitadelShellChannel.swift */; };
		C3BA751B18C8F0A7BE206E02 /* Project.swift in Sources */ = {isa = PBXBuildFile; fileRef = 95C3914ED9062F3CA9C3AA6C /* Project.swift */; };
		D9025D2CBEAB9BD3D3D80F1D /* ModelsTests.swift in Sources */ = {isa = PBXBuildFile; fileRef = 90663959B1DC13F503FB0435 /* ModelsTests.swift */; };
		DA79883C831296B54EE11CF7 /* TerminalSessionRegistry.swift in Sources */ = {isa = PBXBuildFile; fileRef = 6B2E2E88F8FD9455078597D7 /* TerminalSessionRegistry.swift */; };
		DE3FBC37E1774861BBAB1422 /* SwiftTerm+SwiftUI.swift in Sources */ = {isa = PBXBuildFile; fileRef = 9AED1C032FA8602DF21203F4 /* SwiftTerm+SwiftUI.swift */; };
		DFF6095625208F2518D2AEF3 /* TerminalWindowView.swift in Sources */ = {isa = PBXBuildFile; fileRef = B2823173AD96199430F4504D /* TerminalWindowView.swift */; };
		E3B713426383B460AEEE4B78 /* TerminalSessionTests.swift in Sources */ = {isa = PBXBuildFile; fileRef = 509BCBFC05A7D3AC5D104A5B /* TerminalSessionTests.swift */; };
		F1D1E7604878B91B4E3ECC0E /* KeychainService.swift in Sources */ = {isa = PBXBuildFile; fileRef = 33C1B45D444ACE0B59CAD4A6 /* KeychainService.swift */; };
/* End PBXBuildFile section */

/* Begin PBXContainerItemProxy section */
		5813CBFDF67B3E3703F9FF2C /* PBXContainerItemProxy */ = {
			isa = PBXContainerItemProxy;
			containerPortal = 66F2CF8294D1481007ABA27C /* Project object */;
			proxyType = 1;
			remoteGlobalIDString = 40601123755F6E4C2405A43E;
			remoteInfo = vmux;
		};
/* End PBXContainerItemProxy section */

/* Begin PBXFileReference section */
		11921D3D46B7C8727AF6753A /* SpeechCoordinator.swift */ = {isa = PBXFileReference; lastKnownFileType = sourcecode.swift; path = SpeechCoordinator.swift; sourceTree = "<group>"; };
		14CA38E94DD5617CA901751F /* AppSettings.swift */ = {isa = PBXFileReference; lastKnownFileType = sourcecode.swift; path = AppSettings.swift; sourceTree = "<group>"; };
		1E199A4016A5A3D80DA2F613 /* vmux.app */ = {isa = PBXFileReference; includeInIndex = 0; lastKnownFileType = wrapper.application; path = vmux.app; sourceTree = BUILT_PRODUCTS_DIR; };
		206B94FCC6E96459BF048453 /* GeminiLiveClient.swift */ = {isa = PBXFileReference; lastKnownFileType = sourcecode.swift; path = GeminiLiveClient.swift; sourceTree = "<group>"; };
		2184BC02AA6BF4A229B25755 /* Preview Assets.xcassets */ = {isa = PBXFileReference; lastKnownFileType = folder.assetcatalog; path = "Preview Assets.xcassets"; sourceTree = "<group>"; };
		33C1B45D444ACE0B59CAD4A6 /* KeychainService.swift */ = {isa = PBXFileReference; lastKnownFileType = sourcecode.swift; path = KeychainService.swift; sourceTree = "<group>"; };
		42CDE242E62FCD506036C5CA /* Tab.swift */ = {isa = PBXFileReference; lastKnownFileType = sourcecode.swift; path = Tab.swift; sourceTree = "<group>"; };
		45364A3F232BA72501AFB4F2 /* FocusStore.swift */ = {isa = PBXFileReference; lastKnownFileType = sourcecode.swift; path = FocusStore.swift; sourceTree = "<group>"; };
		509BCBFC05A7D3AC5D104A5B /* TerminalSessionTests.swift */ = {isa = PBXFileReference; lastKnownFileType = sourcecode.swift; path = TerminalSessionTests.swift; sourceTree = "<group>"; };
		520A7F383D9471AD91EFB508 /* SpeechCoordinatorTests.swift */ = {isa = PBXFileReference; lastKnownFileType = sourcecode.swift; path = SpeechCoordinatorTests.swift; sourceTree = "<group>"; };
		6B2E2E88F8FD9455078597D7 /* TerminalSessionRegistry.swift */ = {isa = PBXFileReference; lastKnownFileType = sourcecode.swift; path = TerminalSessionRegistry.swift; sourceTree = "<group>"; };
		6C1CB298AC393794663C8525 /* SwiftPMImportCheck.swift */ = {isa = PBXFileReference; lastKnownFileType = sourcecode.swift; path = SwiftPMImportCheck.swift; sourceTree = "<group>"; };
		6DA3C7D7ADCD9F3B7FA13C21 /* AudioFormatConverter.swift */ = {isa = PBXFileReference; lastKnownFileType = sourcecode.swift; path = AudioFormatConverter.swift; sourceTree = "<group>"; };
		78737628860001B6A742952B /* CitadelShellChannel.swift */ = {isa = PBXFileReference; lastKnownFileType = sourcecode.swift; path = CitadelShellChannel.swift; sourceTree = "<group>"; };
		7D8681C94185E3883E494962 /* vmuxApp.swift */ = {isa = PBXFileReference; lastKnownFileType = sourcecode.swift; path = vmuxApp.swift; sourceTree = "<group>"; };
		8C3E13E8E8FB2809FCFE86B6 /* SSHConnectionManagerTests.swift */ = {isa = PBXFileReference; lastKnownFileType = sourcecode.swift; path = SSHConnectionManagerTests.swift; sourceTree = "<group>"; };
		8E0FF40135C064CD9106FBA8 /* AudioFormatConverterTests.swift */ = {isa = PBXFileReference; lastKnownFileType = sourcecode.swift; path = AudioFormatConverterTests.swift; sourceTree = "<group>"; };
		90663959B1DC13F503FB0435 /* ModelsTests.swift */ = {isa = PBXFileReference; lastKnownFileType = sourcecode.swift; path = ModelsTests.swift; sourceTree = "<group>"; };
		911A4B0CC0F37AE1230A6DD3 /* TerminalSession.swift */ = {isa = PBXFileReference; lastKnownFileType = sourcecode.swift; path = TerminalSession.swift; sourceTree = "<group>"; };
		95C3914ED9062F3CA9C3AA6C /* Project.swift */ = {isa = PBXFileReference; lastKnownFileType = sourcecode.swift; path = Project.swift; sourceTree = "<group>"; };
		9AED1C032FA8602DF21203F4 /* SwiftTerm+SwiftUI.swift */ = {isa = PBXFileReference; lastKnownFileType = sourcecode.swift; path = "SwiftTerm+SwiftUI.swift"; sourceTree = "<group>"; };
		A7941718287B63E0FAFC3582 /* SSHConnectionManager.swift */ = {isa = PBXFileReference; lastKnownFileType = sourcecode.swift; path = SSHConnectionManager.swift; sourceTree = "<group>"; };
		A894E664F81F3B50F2289977 /* SkydomeView.swift */ = {isa = PBXFileReference; lastKnownFileType = sourcecode.swift; path = SkydomeView.swift; sourceTree = "<group>"; };
		AFBA952DFD394BD983ED4D57 /* vmuxTests.swift */ = {isa = PBXFileReference; lastKnownFileType = sourcecode.swift; path = vmuxTests.swift; sourceTree = "<group>"; };
		B2823173AD96199430F4504D /* TerminalWindowView.swift */ = {isa = PBXFileReference; lastKnownFileType = sourcecode.swift; path = TerminalWindowView.swift; sourceTree = "<group>"; };
		C2113EC34E18BFC7149B96A9 /* FocusStoreTests.swift */ = {isa = PBXFileReference; lastKnownFileType = sourcecode.swift; path = FocusStoreTests.swift; sourceTree = "<group>"; };
		C97AFFB50C561905208212B1 /* SettingsView.swift */ = {isa = PBXFileReference; lastKnownFileType = sourcecode.swift; path = SettingsView.swift; sourceTree = "<group>"; };
		D8A6C6E47A1384A5B0D69CCD /* NewProjectSheet.swift */ = {isa = PBXFileReference; lastKnownFileType = sourcecode.swift; path = NewProjectSheet.swift; sourceTree = "<group>"; };
		DA09425B3E3A73652012F38E /* GeminiLiveSessionTests.swift */ = {isa = PBXFileReference; lastKnownFileType = sourcecode.swift; path = GeminiLiveSessionTests.swift; sourceTree = "<group>"; };
		E4DC5F45FF54964C40C07C1F /* SidebarView.swift */ = {isa = PBXFileReference; lastKnownFileType = sourcecode.swift; path = SidebarView.swift; sourceTree = "<group>"; };
		E6F99EEF4D931FECE01EFBB9 /* KeychainServiceTests.swift */ = {isa = PBXFileReference; lastKnownFileType = sourcecode.swift; path = KeychainServiceTests.swift; sourceTree = "<group>"; };
		EE0EC05648D477D1739A6A01 /* Assets.xcassets */ = {isa = PBXFileReference; lastKnownFileType = folder.assetcatalog; path = Assets.xcassets; sourceTree = "<group>"; };
		EF829441E64BA83D6A6341D6 /* vmuxTests.xctest */ = {isa = PBXFileReference; includeInIndex = 0; lastKnownFileType = wrapper.cfbundle; path = vmuxTests.xctest; sourceTree = BUILT_PRODUCTS_DIR; };
/* End PBXFileReference section */

/* Begin PBXFrameworksBuildPhase section */
		71174264705A9AD061D3DE89 /* Frameworks */ = {
			isa = PBXFrameworksBuildPhase;
			buildActionMask = 2147483647;
			files = (
				8AF632D8C218B518D7AE4D2B /* Citadel in Frameworks */,
				070B2DC41A10BB9E4D89B20C /* SwiftTerm in Frameworks */,
			);
			runOnlyForDeploymentPostprocessing = 0;
		};
/* End PBXFrameworksBuildPhase section */

/* Begin PBXGroup section */
		151C63A93EA8E53183CF2C44 /* Components */ = {
			isa = PBXGroup;
			children = (
				D8A6C6E47A1384A5B0D69CCD /* NewProjectSheet.swift */,
			);
			path = Components;
			sourceTree = "<group>";
		};
		716238CFC48A0871CFF5550E /* Services */ = {
			isa = PBXGroup;
			children = (
				6DA3C7D7ADCD9F3B7FA13C21 /* AudioFormatConverter.swift */,
				78737628860001B6A742952B /* CitadelShellChannel.swift */,
				45364A3F232BA72501AFB4F2 /* FocusStore.swift */,
				206B94FCC6E96459BF048453 /* GeminiLiveClient.swift */,
				33C1B45D444ACE0B59CAD4A6 /* KeychainService.swift */,
				11921D3D46B7C8727AF6753A /* SpeechCoordinator.swift */,
				A7941718287B63E0FAFC3582 /* SSHConnectionManager.swift */,
				911A4B0CC0F37AE1230A6DD3 /* TerminalSession.swift */,
				6B2E2E88F8FD9455078597D7 /* TerminalSessionRegistry.swift */,
			);
			path = Services;
			sourceTree = "<group>";
		};
		784F75FEB5E37ECBD342EB4C = {
			isa = PBXGroup;
			children = (
				BB1329726FED9F0D0408F5B4 /* vmux */,
				B903495ECCC86D1A5D0FA68A /* vmuxTests */,
				FB302C16376DF081FC891909 /* Products */,
			);
			sourceTree = "<group>";
		};
		B903495ECCC86D1A5D0FA68A /* vmuxTests */ = {
			isa = PBXGroup;
			children = (
				8E0FF40135C064CD9106FBA8 /* AudioFormatConverterTests.swift */,
				C2113EC34E18BFC7149B96A9 /* FocusStoreTests.swift */,
				DA09425B3E3A73652012F38E /* GeminiLiveSessionTests.swift */,
				E6F99EEF4D931FECE01EFBB9 /* KeychainServiceTests.swift */,
				90663959B1DC13F503FB0435 /* ModelsTests.swift */,
				520A7F383D9471AD91EFB508 /* SpeechCoordinatorTests.swift */,
				8C3E13E8E8FB2809FCFE86B6 /* SSHConnectionManagerTests.swift */,
				509BCBFC05A7D3AC5D104A5B /* TerminalSessionTests.swift */,
				AFBA952DFD394BD983ED4D57 /* vmuxTests.swift */,
			);
			path = vmuxTests;
			sourceTree = "<group>";
		};
		BB1329726FED9F0D0408F5B4 /* vmux */ = {
			isa = PBXGroup;
			children = (
				EBC4F1B6247967C1BE7A25DF /* Models */,
				D5375B6FD7C598EC508793FC /* Preview Content */,
				716238CFC48A0871CFF5550E /* Services */,
				C8B0A21433352BE807A90E66 /* Views */,
				EE0EC05648D477D1739A6A01 /* Assets.xcassets */,
				6C1CB298AC393794663C8525 /* SwiftPMImportCheck.swift */,
				9AED1C032FA8602DF21203F4 /* SwiftTerm+SwiftUI.swift */,
				7D8681C94185E3883E494962 /* vmuxApp.swift */,
			);
			path = vmux;
			sourceTree = "<group>";
		};
		C8B0A21433352BE807A90E66 /* Views */ = {
			isa = PBXGroup;
			children = (
				151C63A93EA8E53183CF2C44 /* Components */,
				C97AFFB50C561905208212B1 /* SettingsView.swift */,
				E4DC5F45FF54964C40C07C1F /* SidebarView.swift */,
				A894E664F81F3B50F2289977 /* SkydomeView.swift */,
				B2823173AD96199430F4504D /* TerminalWindowView.swift */,
			);
			path = Views;
			sourceTree = "<group>";
		};
		D5375B6FD7C598EC508793FC /* Preview Content */ = {
			isa = PBXGroup;
			children = (
				2184BC02AA6BF4A229B25755 /* Preview Assets.xcassets */,
			);
			path = "Preview Content";
			sourceTree = "<group>";
		};
		EBC4F1B6247967C1BE7A25DF /* Models */ = {
			isa = PBXGroup;
			children = (
				14CA38E94DD5617CA901751F /* AppSettings.swift */,
				95C3914ED9062F3CA9C3AA6C /* Project.swift */,
				42CDE242E62FCD506036C5CA /* Tab.swift */,
			);
			path = Models;
			sourceTree = "<group>";
		};
		FB302C16376DF081FC891909 /* Products */ = {
			isa = PBXGroup;
			children = (
				1E199A4016A5A3D80DA2F613 /* vmux.app */,
				EF829441E64BA83D6A6341D6 /* vmuxTests.xctest */,
			);
			name = Products;
			sourceTree = "<group>";
		};
/* End PBXGroup section */

/* Begin PBXNativeTarget section */
		2BE8373B91232BE3BBE6264E /* vmuxTests */ = {
			isa = PBXNativeTarget;
			buildConfigurationList = 2FF17322D863E69FFB552F4F /* Build configuration list for PBXNativeTarget "vmuxTests" */;
			buildPhases = (
				2874D9517C13305F13FB0982 /* Sources */,
			);
			buildRules = (
			);
			dependencies = (
				63C75B20096FF46A77199ABC /* PBXTargetDependency */,
			);
			name = vmuxTests;
			packageProductDependencies = (
			);
			productName = vmuxTests;
			productReference = EF829441E64BA83D6A6341D6 /* vmuxTests.xctest */;
			productType = "com.apple.product-type.bundle.unit-test";
		};
		40601123755F6E4C2405A43E /* vmux */ = {
			isa = PBXNativeTarget;
			buildConfigurationList = 9CC314D114BFE4B9810FC139 /* Build configuration list for PBXNativeTarget "vmux" */;
			buildPhases = (
				C76AF4662B8597779B92E5D8 /* Sources */,
				8297C1B8A36B4AB8EEB38A47 /* Resources */,
				71174264705A9AD061D3DE89 /* Frameworks */,
			);
			buildRules = (
			);
			dependencies = (
			);
			name = vmux;
			packageProductDependencies = (
				3919FF17FB2FDC39C6D2E5AF /* Citadel */,
				9154421B75395B16A10932B4 /* SwiftTerm */,
			);
			productName = vmux;
			productReference = 1E199A4016A5A3D80DA2F613 /* vmux.app */;
			productType = "com.apple.product-type.application";
		};
/* End PBXNativeTarget section */

/* Begin PBXProject section */
		66F2CF8294D1481007ABA27C /* Project object */ = {
			isa = PBXProject;
			attributes = {
				BuildIndependentTargetsInParallel = YES;
				LastUpgradeCheck = 1430;
				TargetAttributes = {
					2BE8373B91232BE3BBE6264E = {
						DevelopmentTeam = DHB5JNF8ZW;
						ProvisioningStyle = Automatic;
					};
					40601123755F6E4C2405A43E = {
						DevelopmentTeam = DHB5JNF8ZW;
						ProvisioningStyle = Automatic;
					};
				};
			};
			buildConfigurationList = 63E95BEC2F6AA07F946CAA03 /* Build configuration list for PBXProject "vmux" */;
			compatibilityVersion = "Xcode 14.0";
			developmentRegion = en;
			hasScannedForEncodings = 0;
			knownRegions = (
				Base,
				en,
			);
			mainGroup = 784F75FEB5E37ECBD342EB4C;
			minimizedProjectReferenceProxies = 1;
			packageReferences = (
				B67C067BF7E4BABA56E243A3 /* XCRemoteSwiftPackageReference "Citadel" */,
				FB6900B38684923114272452 /* XCRemoteSwiftPackageReference "SwiftTerm" */,
			);
			preferredProjectObjectVersion = 77;
			projectDirPath = "";
			projectRoot = "";
			targets = (
				40601123755F6E4C2405A43E /* vmux */,
				2BE8373B91232BE3BBE6264E /* vmuxTests */,
			);
		};
/* End PBXProject section */

/* Begin PBXResourcesBuildPhase section */
		8297C1B8A36B4AB8EEB38A47 /* Resources */ = {
			isa = PBXResourcesBuildPhase;
			buildActionMask = 2147483647;
			files = (
				41660C88513570298A02BC25 /* Assets.xcassets in Resources */,
				2E98139ECD0814C8888B1EB7 /* Preview Assets.xcassets in Resources */,
			);
			runOnlyForDeploymentPostprocessing = 0;
		};
/* End PBXResourcesBuildPhase section */

/* Begin PBXSourcesBuildPhase section */
		2874D9517C13305F13FB0982 /* Sources */ = {
			isa = PBXSourcesBuildPhase;
			buildActionMask = 2147483647;
			files = (
				1F2DA82A337EC55D8870E276 /* AudioFormatConverterTests.swift in Sources */,
				678E646DF71817371C74F095 /* FocusStoreTests.swift in Sources */,
				3586388CFCCCC495E026DB05 /* GeminiLiveSessionTests.swift in Sources */,
				6BA349DA568D7AC430DC6EAA /* KeychainServiceTests.swift in Sources */,
				D9025D2CBEAB9BD3D3D80F1D /* ModelsTests.swift in Sources */,
				52C5C4FD38D298E7DB423DFA /* SSHConnectionManagerTests.swift in Sources */,
				460933E0378BCA36E7CBF48F /* SpeechCoordinatorTests.swift in Sources */,
				E3B713426383B460AEEE4B78 /* TerminalSessionTests.swift in Sources */,
				9363377C08F3437508792EC8 /* vmuxTests.swift in Sources */,
			);
			runOnlyForDeploymentPostprocessing = 0;
		};
		C76AF4662B8597779B92E5D8 /* Sources */ = {
			isa = PBXSourcesBuildPhase;
			buildActionMask = 2147483647;
			files = (
				B3B037259AE3D44A4A9ABF71 /* AppSettings.swift in Sources */,
				3A194F1A82E9397DC5FAF6CD /* AudioFormatConverter.swift in Sources */,
				BB87BDC4CE63CC1762A0FE17 /* CitadelShellChannel.swift in Sources */,
				971765D7C32E9E6D61B593D3 /* FocusStore.swift in Sources */,
				09B888B7BB25CFD2B385FE2B /* GeminiLiveClient.swift in Sources */,
				F1D1E7604878B91B4E3ECC0E /* KeychainService.swift in Sources */,
				5A190596DED7EB8BF161D9A5 /* NewProjectSheet.swift in Sources */,
				C3BA751B18C8F0A7BE206E02 /* Project.swift in Sources */,
				9F6C46BCA2D687495DBD5D89 /* SSHConnectionManager.swift in Sources */,
				A0688372FBB93E1E61045266 /* SettingsView.swift in Sources */,
				8AFE12FF3AF039FBE07DF9CF /* SidebarView.swift in Sources */,
				0A605C35C0F26F51293E51F9 /* SkydomeView.swift in Sources */,
				6CB0E790566DB61F87FAD068 /* SpeechCoordinator.swift in Sources */,
				11166ABB6E4E42A851CDF181 /* SwiftPMImportCheck.swift in Sources */,
				DE3FBC37E1774861BBAB1422 /* SwiftTerm+SwiftUI.swift in Sources */,
				AEF134B84D22F1D05A814B0B /* Tab.swift in Sources */,
				09D24841DE3B7DD13010CF7D /* TerminalSession.swift in Sources */,
				DA79883C831296B54EE11CF7 /* TerminalSessionRegistry.swift in Sources */,
				DFF6095625208F2518D2AEF3 /* TerminalWindowView.swift in Sources */,
				1124A5F0FD5190BE4E2EDF55 /* vmuxApp.swift in Sources */,
			);
			runOnlyForDeploymentPostprocessing = 0;
		};
/* End PBXSourcesBuildPhase section */

/* Begin PBXTargetDependency section */
		63C75B20096FF46A77199ABC /* PBXTargetDependency */ = {
			isa = PBXTargetDependency;
			target = 40601123755F6E4C2405A43E /* vmux */;
			targetProxy = 5813CBFDF67B3E3703F9FF2C /* PBXContainerItemProxy */;
		};
/* End PBXTargetDependency section */

/* Begin XCBuildConfiguration section */
		13278078981D071D33679163 /* Release */ = {
			isa = XCBuildConfiguration;
			buildSettings = {
				BUNDLE_LOADER = "$(TEST_HOST)";
				GENERATE_INFOPLIST_FILE = YES;
				LD_RUNPATH_SEARCH_PATHS = (
					"$(inherited)",
					"@executable_path/Frameworks",
					"@loader_path/Frameworks",
				);
				PRODUCT_BUNDLE_IDENTIFIER = com.konradgnat.vmux.tests;
				SDKROOT = xros;
				SUPPORTED_PLATFORMS = "xros xrsimulator";
				TARGETED_DEVICE_FAMILY = 7;
				TEST_HOST = "$(BUILT_PRODUCTS_DIR)/vmux.app/vmux";
				XROS_DEPLOYMENT_TARGET = 2.0;
			};
			name = Release;
		};
		34323C04B34346FFE470BEEC /* Release */ = {
			isa = XCBuildConfiguration;
			buildSettings = {
				ASSETCATALOG_COMPILER_APPICON_NAME = AppIcon;
				ASSETCATALOG_COMPILER_GLOBAL_ACCENT_COLOR_NAME = AccentColor;
				DEVELOPMENT_ASSET_PATHS = "\"vmux/Preview Content\"";
				ENABLE_PREVIEWS = YES;
				INFOPLIST_FILE = vmux/Info.plist;
				LD_RUNPATH_SEARCH_PATHS = (
					"$(inherited)",
					"@executable_path/Frameworks",
				);
				PRODUCT_BUNDLE_IDENTIFIER = com.konradgnat.vmux;
				PRODUCT_NAME = vmux;
				SDKROOT = xros;
				SUPPORTED_PLATFORMS = "xros xrsimulator";
				SUPPORTS_XR_DESIGNED_FOR_IPHONE_IPAD = NO;
				TARGETED_DEVICE_FAMILY = 7;
				XROS_DEPLOYMENT_TARGET = 2.0;
			};
			name = Release;
		};
		717FDB652DAF1D282A285DAE /* Debug */ = {
			isa = XCBuildConfiguration;
			buildSettings = {
				ALWAYS_SEARCH_USER_PATHS = NO;
				CLANG_ANALYZER_NONNULL = YES;
				CLANG_ANALYZER_NUMBER_OBJECT_CONVERSION = YES_AGGRESSIVE;
				CLANG_CXX_LANGUAGE_STANDARD = "gnu++14";
				CLANG_CXX_LIBRARY = "libc++";
				CLANG_ENABLE_MODULES = YES;
				CLANG_ENABLE_OBJC_ARC = YES;
				CLANG_ENABLE_OBJC_WEAK = YES;
				CLANG_WARN_BLOCK_CAPTURE_AUTORELEASING = YES;
				CLANG_WARN_BOOL_CONVERSION = YES;
				CLANG_WARN_COMMA = YES;
				CLANG_WARN_CONSTANT_CONVERSION = YES;
				CLANG_WARN_DEPRECATED_OBJC_IMPLEMENTATIONS = YES;
				CLANG_WARN_DIRECT_OBJC_ISA_USAGE = YES_ERROR;
				CLANG_WARN_DOCUMENTATION_COMMENTS = YES;
				CLANG_WARN_EMPTY_BODY = YES;
				CLANG_WARN_ENUM_CONVERSION = YES;
				CLANG_WARN_INFINITE_RECURSION = YES;
				CLANG_WARN_INT_CONVERSION = YES;
				CLANG_WARN_NON_LITERAL_NULL_CONVERSION = YES;
				CLANG_WARN_OBJC_IMPLICIT_RETAIN_SELF = YES;
				CLANG_WARN_OBJC_LITERAL_CONVERSION = YES;
				CLANG_WARN_OBJC_ROOT_CLASS = YES_ERROR;
				CLANG_WARN_QUOTED_INCLUDE_IN_FRAMEWORK_HEADER = YES;
				CLANG_WARN_RANGE_LOOP_ANALYSIS = YES;
				CLANG_WARN_STRICT_PROTOTYPES = YES;
				CLANG_WARN_SUSPICIOUS_MOVE = YES;
				CLANG_WARN_UNGUARDED_AVAILABILITY = YES_AGGRESSIVE;
				CLANG_WARN_UNREACHABLE_CODE = YES;
				CLANG_WARN__DUPLICATE_METHOD_MATCH = YES;
				CODE_SIGNING_ALLOWED = YES;
				CODE_SIGN_STYLE = Automatic;
				COPY_PHASE_STRIP = NO;
				DEBUG_INFORMATION_FORMAT = dwarf;
				DEVELOPMENT_TEAM = DHB5JNF8ZW;
				ENABLE_STRICT_OBJC_MSGSEND = YES;
				ENABLE_TESTABILITY = YES;
				ENABLE_USER_SCRIPT_SANDBOXING = YES;
				GCC_C_LANGUAGE_STANDARD = gnu11;
				GCC_DYNAMIC_NO_PIC = NO;
				GCC_NO_COMMON_BLOCKS = YES;
				GCC_OPTIMIZATION_LEVEL = 0;
				GCC_PREPROCESSOR_DEFINITIONS = (
					"$(inherited)",
					"DEBUG=1",
				);
				GCC_WARN_64_TO_32_BIT_CONVERSION = YES;
				GCC_WARN_ABOUT_RETURN_TYPE = YES_ERROR;
				GCC_WARN_UNDECLARED_SELECTOR = YES;
				GCC_WARN_UNINITIALIZED_AUTOS = YES_AGGRESSIVE;
				GCC_WARN_UNUSED_FUNCTION = YES;
				GCC_WARN_UNUSED_VARIABLE = YES;
				GENERATE_INFOPLIST_FILE = NO;
				MTL_ENABLE_DEBUG_INFO = INCLUDE_SOURCE;
				MTL_FAST_MATH = YES;
				ONLY_ACTIVE_ARCH = YES;
				PRODUCT_NAME = "$(TARGET_NAME)";
				SDKROOT = xros;
				SWIFT_ACTIVE_COMPILATION_CONDITIONS = DEBUG;
				SWIFT_OPTIMIZATION_LEVEL = "-Onone";
				SWIFT_STRICT_CONCURRENCY = complete;
				SWIFT_UPCOMING_FEATURE_EXISTENTIAL_ANY = YES;
				SWIFT_VERSION = 6.0;
				XROS_DEPLOYMENT_TARGET = 2.0;
			};
			name = Debug;
		};
		83F11668AE7FDB7ACF655E5D /* Release */ = {
			isa = XCBuildConfiguration;
			buildSettings = {
				ALWAYS_SEARCH_USER_PATHS = NO;
				CLANG_ANALYZER_NONNULL = YES;
				CLANG_ANALYZER_NUMBER_OBJECT_CONVERSION = YES_AGGRESSIVE;
				CLANG_CXX_LANGUAGE_STANDARD = "gnu++14";
				CLANG_CXX_LIBRARY = "libc++";
				CLANG_ENABLE_MODULES = YES;
				CLANG_ENABLE_OBJC_ARC = YES;
				CLANG_ENABLE_OBJC_WEAK = YES;
				CLANG_WARN_BLOCK_CAPTURE_AUTORELEASING = YES;
				CLANG_WARN_BOOL_CONVERSION = YES;
				CLANG_WARN_COMMA = YES;
				CLANG_WARN_CONSTANT_CONVERSION = YES;
				CLANG_WARN_DEPRECATED_OBJC_IMPLEMENTATIONS = YES;
				CLANG_WARN_DIRECT_OBJC_ISA_USAGE = YES_ERROR;
				CLANG_WARN_DOCUMENTATION_COMMENTS = YES;
				CLANG_WARN_EMPTY_BODY = YES;
				CLANG_WARN_ENUM_CONVERSION = YES;
				CLANG_WARN_INFINITE_RECURSION = YES;
				CLANG_WARN_INT_CONVERSION = YES;
				CLANG_WARN_NON_LITERAL_NULL_CONVERSION = YES;
				CLANG_WARN_OBJC_IMPLICIT_RETAIN_SELF = YES;
				CLANG_WARN_OBJC_LITERAL_CONVERSION = YES;
				CLANG_WARN_OBJC_ROOT_CLASS = YES_ERROR;
				CLANG_WARN_QUOTED_INCLUDE_IN_FRAMEWORK_HEADER = YES;
				CLANG_WARN_RANGE_LOOP_ANALYSIS = YES;
				CLANG_WARN_STRICT_PROTOTYPES = YES;
				CLANG_WARN_SUSPICIOUS_MOVE = YES;
				CLANG_WARN_UNGUARDED_AVAILABILITY = YES_AGGRESSIVE;
				CLANG_WARN_UNREACHABLE_CODE = YES;
				CLANG_WARN__DUPLICATE_METHOD_MATCH = YES;
				CODE_SIGNING_ALLOWED = YES;
				CODE_SIGN_STYLE = Automatic;
				COPY_PHASE_STRIP = NO;
				DEBUG_INFORMATION_FORMAT = "dwarf-with-dsym";
				DEVELOPMENT_TEAM = DHB5JNF8ZW;
				ENABLE_NS_ASSERTIONS = NO;
				ENABLE_STRICT_OBJC_MSGSEND = YES;
				ENABLE_USER_SCRIPT_SANDBOXING = YES;
				GCC_C_LANGUAGE_STANDARD = gnu11;
				GCC_NO_COMMON_BLOCKS = YES;
				GCC_WARN_64_TO_32_BIT_CONVERSION = YES;
				GCC_WARN_ABOUT_RETURN_TYPE = YES_ERROR;
				GCC_WARN_UNDECLARED_SELECTOR = YES;
				GCC_WARN_UNINITIALIZED_AUTOS = YES_AGGRESSIVE;
				GCC_WARN_UNUSED_FUNCTION = YES;
				GCC_WARN_UNUSED_VARIABLE = YES;
				GENERATE_INFOPLIST_FILE = NO;
				MTL_ENABLE_DEBUG_INFO = NO;
				MTL_FAST_MATH = YES;
				PRODUCT_NAME = "$(TARGET_NAME)";
				SDKROOT = xros;
				SWIFT_COMPILATION_MODE = wholemodule;
				SWIFT_OPTIMIZATION_LEVEL = "-O";
				SWIFT_STRICT_CONCURRENCY = complete;
				SWIFT_UPCOMING_FEATURE_EXISTENTIAL_ANY = YES;
				SWIFT_VERSION = 6.0;
				XROS_DEPLOYMENT_TARGET = 2.0;
			};
			name = Release;
		};
		BD50869AA90375F76EC86B98 /* Debug */ = {
			isa = XCBuildConfiguration;
			buildSettings = {
				BUNDLE_LOADER = "$(TEST_HOST)";
				GENERATE_INFOPLIST_FILE = YES;
				LD_RUNPATH_SEARCH_PATHS = (
					"$(inherited)",
					"@executable_path/Frameworks",
					"@loader_path/Frameworks",
				);
				PRODUCT_BUNDLE_IDENTIFIER = com.konradgnat.vmux.tests;
				SDKROOT = xros;
				SUPPORTED_PLATFORMS = "xros xrsimulator";
				TARGETED_DEVICE_FAMILY = 7;
				TEST_HOST = "$(BUILT_PRODUCTS_DIR)/vmux.app/vmux";
				XROS_DEPLOYMENT_TARGET = 2.0;
			};
			name = Debug;
		};
		E9302506A873A918FDE6B783 /* Debug */ = {
			isa = XCBuildConfiguration;
			buildSettings = {
				ASSETCATALOG_COMPILER_APPICON_NAME = AppIcon;
				ASSETCATALOG_COMPILER_GLOBAL_ACCENT_COLOR_NAME = AccentColor;
				DEVELOPMENT_ASSET_PATHS = "\"vmux/Preview Content\"";
				ENABLE_PREVIEWS = YES;
				INFOPLIST_FILE = vmux/Info.plist;
				LD_RUNPATH_SEARCH_PATHS = (
					"$(inherited)",
					"@executable_path/Frameworks",
				);
				PRODUCT_BUNDLE_IDENTIFIER = com.konradgnat.vmux;
				PRODUCT_NAME = vmux;
				SDKROOT = xros;
				SUPPORTED_PLATFORMS = "xros xrsimulator";
				SUPPORTS_XR_DESIGNED_FOR_IPHONE_IPAD = NO;
				TARGETED_DEVICE_FAMILY = 7;
				XROS_DEPLOYMENT_TARGET = 2.0;
			};
			name = Debug;
		};
/* End XCBuildConfiguration section */

/* Begin XCConfigurationList section */
		2FF17322D863E69FFB552F4F /* Build configuration list for PBXNativeTarget "vmuxTests" */ = {
			isa = XCConfigurationList;
			buildConfigurations = (
				BD50869AA90375F76EC86B98 /* Debug */,
				13278078981D071D33679163 /* Release */,
			);
			defaultConfigurationIsVisible = 0;
			defaultConfigurationName = Debug;
		};
		63E95BEC2F6AA07F946CAA03 /* Build configuration list for PBXProject "vmux" */ = {
			isa = XCConfigurationList;
			buildConfigurations = (
				717FDB652DAF1D282A285DAE /* Debug */,
				83F11668AE7FDB7ACF655E5D /* Release */,
			);
			defaultConfigurationIsVisible = 0;
			defaultConfigurationName = Debug;
		};
		9CC314D114BFE4B9810FC139 /* Build configuration list for PBXNativeTarget "vmux" */ = {
			isa = XCConfigurationList;
			buildConfigurations = (
				E9302506A873A918FDE6B783 /* Debug */,
				34323C04B34346FFE470BEEC /* Release */,
			);
			defaultConfigurationIsVisible = 0;
			defaultConfigurationName = Debug;
		};
/* End XCConfigurationList section */

/* Begin XCRemoteSwiftPackageReference section */
		B67C067BF7E4BABA56E243A3 /* XCRemoteSwiftPackageReference "Citadel" */ = {
			isa = XCRemoteSwiftPackageReference;
			repositoryURL = "https://github.com/orlandos-nl/Citadel";
			requirement = {
				kind = upToNextMajorVersion;
				minimumVersion = 0.9.2;
			};
		};
		FB6900B38684923114272452 /* XCRemoteSwiftPackageReference "SwiftTerm" */ = {
			isa = XCRemoteSwiftPackageReference;
			repositoryURL = "https://github.com/migueldeicaza/SwiftTerm";
			requirement = {
				kind = upToNextMajorVersion;
				minimumVersion = 1.2.0;
			};
		};
/* End XCRemoteSwiftPackageReference section */

/* Begin XCSwiftPackageProductDependency section */
		3919FF17FB2FDC39C6D2E5AF /* Citadel */ = {
			isa = XCSwiftPackageProductDependency;
			package = B67C067BF7E4BABA56E243A3 /* XCRemoteSwiftPackageReference "Citadel" */;
			productName = Citadel;
		};
		9154421B75395B16A10932B4 /* SwiftTerm */ = {
			isa = XCSwiftPackageProductDependency;
			package = FB6900B38684923114272452 /* XCRemoteSwiftPackageReference "SwiftTerm" */;
			productName = SwiftTerm;
		};
/* End XCSwiftPackageProductDependency section */
	};
	rootObject = 66F2CF8294D1481007ABA27C /* Project object */;
}
